
Microsoft Visual Studio Solution File, Format Version 12.00
# Visual Studio Version 16
VisualStudioVersion = 16.0.31624.102
MinimumVisualStudioVersion = 10.0.40219.1
Project("{FAE04EC0-301F-11D3-BF4B-00C04F79EFBC}") = "task_3", "task_3\task_3.csproj", "{83437E27-E8C4-4DFD-9E47-A4E56FBAEAB4}"
EndProject
Global
	GlobalSection(SolutionConfigurationPlatforms) = preSolution
		Debug|Any CPU = Debug|Any CPU
		Release|Any CPU = Release|Any CPU
	EndGlobalSection
	GlobalSection(ProjectConfigurationPlatforms) = postSolution
		{83437E27-E8C4-4DFD-9E47-A4E56FBAEAB4}.Debug|Any CPU.ActiveCfg = Debug|Any CPU
		{83437E27-E8C4-4DFD-9E47-A4E56FBAEAB4}.Debug|Any CPU.Build.0 = Debug|Any CPU
		{83437E27-E8C4-4DFD-9E47-A4E56FBAEAB4}.Release|Any CPU.ActiveCfg = Release|Any CPU
		{83437E27-E8C4-4DFD-9E47-A4E56FBAEAB4}.Release|Any CPU.Build.0 = Release|Any CPU
	EndGlobalSection
	GlobalSection(SolutionProperties) = preSolution
		HideSolutionNode = FALSE
	EndGlobalSection
	GlobalSection(ExtensibilityGlobals) = postSolution
		SolutionGuid = {2B63EFAF-87D8-403C-966E-BB9D5B3897DB}
	EndGlobalSection
EndGlobal
